
Microsoft Visual Studio Solution File, Format Version 12.00
# Visual Studio Version 17
VisualStudioVersion = 17.1.32210.238
MinimumVisualStudioVersion = 10.0.40219.1
Project("{FAE04EC0-301F-11D3-BF4B-00C04F79EFBC}") = "Actividad5_Escuela", "Actividad5_Escuela\Actividad5_Escuela.csproj", "{DB8CB5E3-C73D-438C-874F-5A7E9D023C9C}"
EndProject
Project("{FAE04EC0-301F-11D3-BF4B-00C04F79EFBC}") = "Escuela_DAL", "Escuela_DAL\Escuela_DAL.csproj", "{D25D3A96-4BA6-464A-924D-E9DC8118507E}"
EndProject
Project("{FAE04EC0-301F-11D3-BF4B-00C04F79EFBC}") = "Escuela_BLL", "Escuela_BLL\Escuela_BLL.csproj", "{A4589ACA-BC9C-4C49-886B-B9B8B7B7D29E}"
EndProject
Global
	GlobalSection(SolutionConfigurationPlatforms) = preSolution
		Debug|Any CPU = Debug|Any CPU
		Release|Any CPU = Release|Any CPU
	EndGlobalSection
	GlobalSection(ProjectConfigurationPlatforms) = postSolution
		{DB8CB5E3-C73D-438C-874F-5A7E9D023C9C}.Debug|Any CPU.ActiveCfg = Debug|Any CPU
		{DB8CB5E3-C73D-438C-874F-5A7E9D023C9C}.Debug|Any CPU.Build.0 = Debug|Any CPU
		{DB8CB5E3-C73D-438C-874F-5A7E9D023C9C}.Release|Any CPU.ActiveCfg = Release|Any CPU
		{DB8CB5E3-C73D-438C-874F-5A7E9D023C9C}.Release|Any CPU.Build.0 = Release|Any CPU
		{D25D3A96-4BA6-464A-924D-E9DC8118507E}.Debug|Any CPU.ActiveCfg = Debug|Any CPU
		{D25D3A96-4BA6-464A-924D-E9DC8118507E}.Debug|Any CPU.Build.0 = Debug|Any CPU
		{D25D3A96-4BA6-464A-924D-E9DC8118507E}.Release|Any CPU.ActiveCfg = Release|Any CPU
		{D25D3A96-4BA6-464A-924D-E9DC8118507E}.Release|Any CPU.Build.0 = Release|Any CPU
		{A4589ACA-BC9C-4C49-886B-B9B8B7B7D29E}.Debug|Any CPU.ActiveCfg = Debug|Any CPU
		{A4589ACA-BC9C-4C49-886B-B9B8B7B7D29E}.Debug|Any CPU.Build.0 = Debug|Any CPU
		{A4589ACA-BC9C-4C49-886B-B9B8B7B7D29E}.Release|Any CPU.ActiveCfg = Release|Any CPU
		{A4589ACA-BC9C-4C49-886B-B9B8B7B7D29E}.Release|Any CPU.Build.0 = Release|Any CPU
	EndGlobalSection
	GlobalSection(SolutionProperties) = preSolution
		HideSolutionNode = FALSE
	EndGlobalSection
	GlobalSection(ExtensibilityGlobals) = postSolution
		SolutionGuid = {3655BADE-57CF-454C-892E-52A7A2480C78}
	EndGlobalSection
EndGlobal
