
Microsoft Visual Studio Solution File, Format Version 12.00
# Visual Studio Version 17
VisualStudioVersion = 17.1.32210.238
MinimumVisualStudioVersion = 10.0.40219.1
Project("{FAE04EC0-301F-11D3-BF4B-00C04F79EFBC}") = "Actividad1_Piramide", "Actividad1_Piramide\Actividad1_Piramide.csproj", "{289861A0-CFD0-477D-8A3B-32AE8BC7C8B4}"
EndProject
Global
	GlobalSection(SolutionConfigurationPlatforms) = preSolution
		Debug|Any CPU = Debug|Any CPU
		Release|Any CPU = Release|Any CPU
	EndGlobalSection
	GlobalSection(ProjectConfigurationPlatforms) = postSolution
		{289861A0-CFD0-477D-8A3B-32AE8BC7C8B4}.Debug|Any CPU.ActiveCfg = Debug|Any CPU
		{289861A0-CFD0-477D-8A3B-32AE8BC7C8B4}.Debug|Any CPU.Build.0 = Debug|Any CPU
		{289861A0-CFD0-477D-8A3B-32AE8BC7C8B4}.Release|Any CPU.ActiveCfg = Release|Any CPU
		{289861A0-CFD0-477D-8A3B-32AE8BC7C8B4}.Release|Any CPU.Build.0 = Release|Any CPU
	EndGlobalSection
	GlobalSection(SolutionProperties) = preSolution
		HideSolutionNode = FALSE
	EndGlobalSection
	GlobalSection(ExtensibilityGlobals) = postSolution
		SolutionGuid = {18E06BE0-C024-49A7-BBD1-5F43D555C32C}
	EndGlobalSection
EndGlobal
